{
    "name": "aws-lambda-redshift-loader",
    "version": "2.7.4",
    "lockfileVersion": 1,
    "requires": true,
    "dependencies": {
        "JSONSelect": {
            "version": "0.4.0",
            "resolved": "https://registry.npmjs.org/JSONSelect/-/JSONSelect-0.4.0.tgz",
            "integrity": "sha1-oI7cxn6z/L6Z7WMIVTRKDPKCu40="
        },
        "agent-base": {
            "version": "4.3.0",
            "resolved": "https://registry.npmjs.org/agent-base/-/agent-base-4.3.0.tgz",
            "integrity": "sha512-salcGninV0nPrwpGNn4VTXBb1SOuXQBiqbrNXoeizJsHrsL6ERFM2Ne3JUSBWRE6aeNJI2ROP/WEEIDUiDe3cg==",
            "requires": {
                "es6-promisify": "^5.0.0"
            }
        },
        "async": {
            "version": "3.1.0",
            "resolved": "https://registry.npmjs.org/async/-/async-3.1.0.tgz",
            "integrity": "sha512-4vx/aaY6j/j3Lw3fbCHNWP0pPaTCew3F6F3hYyl/tHs/ndmV1q7NW9T5yuJ2XAGwdQrP+6Wu20x06U4APo/iQQ=="
        },
        "augment": {
            "version": "3.2.1",
            "resolved": "https://registry.npmjs.org/augment/-/augment-3.2.1.tgz",
            "integrity": "sha1-7F2elFYUDvqxEQ/ds1LL5U5/sxw="
        },
        "aws-sdk": {
            "version": "2.608.0",
            "resolved": "https://registry.npmjs.org/aws-sdk/-/aws-sdk-2.608.0.tgz",
            "integrity": "sha512-6utwjZGFW7gRpOhWc7F9KUnDWRWnaLtEaTjya6BwNsfYTk+z1GvL9UVu9WdZ0Y47IuJIiNuEWQ/xw0N0kEBcMw==",
            "requires": {
                "buffer": "4.9.1",
                "events": "1.1.1",
                "ieee754": "1.1.13",
                "jmespath": "0.15.0",
                "querystring": "0.2.0",
                "sax": "1.2.1",
                "url": "0.10.3",
                "uuid": "3.3.2",
                "xml2js": "0.4.19"
            },
            "dependencies": {
                "uuid": {
                    "version": "3.3.2",
                    "resolved": "https://registry.npmjs.org/uuid/-/uuid-3.3.2.tgz",
                    "integrity": "sha512-yXJmeNaw3DnnKAOKJE51sL/ZaYfWJRl1pK9dr19YFCu0ObS231AB1/LbqTKRAQ5kw8A90rA6fr4riOUpTZvQZA=="
                }
            }
        },
        "base64-js": {
            "version": "1.3.1",
            "resolved": "https://registry.npmjs.org/base64-js/-/base64-js-1.3.1.tgz",
            "integrity": "sha512-mLQ4i2QO1ytvGWFWmcngKO//JXAQueZvwEKtjgQFM4jIK0kU+ytMfplL8j+n5mspOfjHwoAg+9yhb7BwAHm36g=="
        },
        "buffer": {
            "version": "4.9.1",
            "resolved": "https://registry.npmjs.org/buffer/-/buffer-4.9.1.tgz",
            "integrity": "sha1-bRu2AbB6TvztlwlBMgkwJ8lbwpg=",
            "requires": {
                "base64-js": "^1.0.2",
                "ieee754": "^1.1.4",
                "isarray": "^1.0.0"
            }
        },
        "buffer-writer": {
            "version": "2.0.0",
            "resolved": "https://registry.npmjs.org/buffer-writer/-/buffer-writer-2.0.0.tgz",
            "integrity": "sha512-a7ZpuTZU1TRtnwyCNW3I5dc0wWNC3VR9S++Ewyk2HHZdrO3CQJqSpd+95Us590V6AL7JqUAH2IwZ/398PmNFgw=="
        },
        "color": {
            "version": "3.0.0",
            "resolved": "https://registry.npmjs.org/color/-/color-3.0.0.tgz",
            "integrity": "sha512-jCpd5+s0s0t7p3pHQKpnJ0TpQKKdleP71LWcA0aqiljpiuAkOSUFN/dyH8ZwF0hRmFlrIuRhufds1QyEP9EB+w==",
            "requires": {
                "color-convert": "^1.9.1",
                "color-string": "^1.5.2"
            }
        },
        "color-convert": {
            "version": "1.9.3",
            "resolved": "https://registry.npmjs.org/color-convert/-/color-convert-1.9.3.tgz",
            "integrity": "sha512-QfAUtd+vFdAtFQcC8CCyYt1fYWxSqAiK2cSD6zDB8N3cpsEBAvRxp9zOGg6G/SHHJYAT88/az/IuDGALsNVbGg==",
            "requires": {
                "color-name": "1.1.3"
            }
        },
        "color-name": {
            "version": "1.1.3",
            "resolved": "https://registry.npmjs.org/color-name/-/color-name-1.1.3.tgz",
            "integrity": "sha1-p9BVi9icQveV3UIyj3QIMcpTvCU="
        },
        "color-string": {
            "version": "1.5.3",
            "resolved": "https://registry.npmjs.org/color-string/-/color-string-1.5.3.tgz",
            "integrity": "sha512-dC2C5qeWoYkxki5UAXapdjqO672AM4vZuPGRQfO8b5HKuKGBbKWpITyDYN7TOFKvRW7kOgAn3746clDBMDJyQw==",
            "requires": {
                "color-name": "^1.0.0",
                "simple-swizzle": "^0.2.2"
            }
        },
        "colornames": {
            "version": "1.1.1",
            "resolved": "https://registry.npmjs.org/colornames/-/colornames-1.1.1.tgz",
            "integrity": "sha1-+IiQMGhcfE/54qVZ9Qd+t2qBb5Y="
        },
        "colors": {
            "version": "0.5.1",
            "resolved": "https://registry.npmjs.org/colors/-/colors-0.5.1.tgz",
            "integrity": "sha1-fQAj6usVTo7p/Oddy5I9DtFmd3Q="
        },
        "colorspace": {
            "version": "1.1.2",
            "resolved": "https://registry.npmjs.org/colorspace/-/colorspace-1.1.2.tgz",
            "integrity": "sha512-vt+OoIP2d76xLhjwbBaucYlNSpPsrJWPlBTtwCpQKIu6/CSMutyzX93O/Do0qzpH3YoHEes8YEFXyZ797rEhzQ==",
            "requires": {
                "color": "3.0.x",
                "text-hex": "1.0.x"
            }
        },
        "core-util-is": {
            "version": "1.0.2",
            "resolved": "https://registry.npmjs.org/core-util-is/-/core-util-is-1.0.2.tgz",
            "integrity": "sha1-tf1UIgqivFq1eqtxQMlAdUUDwac="
        },
        "debug": {
            "version": "3.2.6",
            "resolved": "https://registry.npmjs.org/debug/-/debug-3.2.6.tgz",
            "integrity": "sha512-mel+jf7nrtEl5Pn1Qx46zARXKDpBbvzezse7p7LqINmdoIk8PYP5SySaxEmYv6TZ0JyEKA1hsCId6DIhgITtWQ==",
            "requires": {
                "ms": "^2.1.1"
            }
        },
        "diagnostics": {
            "version": "1.1.1",
            "resolved": "https://registry.npmjs.org/diagnostics/-/diagnostics-1.1.1.tgz",
            "integrity": "sha512-8wn1PmdunLJ9Tqbx+Fx/ZEuHfJf4NKSN2ZBj7SJC/OWRWha843+WsTjqMe1B5E3p28jqBlp+mJ2fPVxPyNgYKQ==",
            "requires": {
                "colorspace": "1.1.x",
                "enabled": "1.0.x",
                "kuler": "1.0.x"
            }
        },
        "ebnf-parser": {
            "version": "0.1.10",
            "resolved": "https://registry.npmjs.org/ebnf-parser/-/ebnf-parser-0.1.10.tgz",
            "integrity": "sha1-zR9rpHfFY4xAyX7ZtXLbW6tdgzE="
        },
        "enabled": {
            "version": "1.0.2",
            "resolved": "https://registry.npmjs.org/enabled/-/enabled-1.0.2.tgz",
            "integrity": "sha1-ll9lE9LC0cX0ZStkouM5ZGf8L5M=",
            "requires": {
                "env-variable": "0.0.x"
            }
        },
        "env-variable": {
            "version": "0.0.5",
            "resolved": "https://registry.npmjs.org/env-variable/-/env-variable-0.0.5.tgz",
            "integrity": "sha512-zoB603vQReOFvTg5xMl9I1P2PnHsHQQKTEowsKKD7nseUfJq6UWzK+4YtlWUO1nhiQUxe6XMkk+JleSZD1NZFA=="
        },
        "es6-promise": {
            "version": "4.2.8",
            "resolved": "https://registry.npmjs.org/es6-promise/-/es6-promise-4.2.8.tgz",
            "integrity": "sha512-HJDGx5daxeIvxdBxvG2cb9g4tEvwIk3i8+nhX0yGrYmZUzbkdg8QbDevheDB8gd0//uPj4c1EQua8Q+MViT0/w=="
        },
        "es6-promisify": {
            "version": "5.0.0",
            "resolved": "https://registry.npmjs.org/es6-promisify/-/es6-promisify-5.0.0.tgz",
            "integrity": "sha1-UQnWLz5W6pZ8S2NQWu8IKRyKUgM=",
            "requires": {
                "es6-promise": "^4.0.3"
            }
        },
        "escodegen": {
            "version": "0.0.21",
            "resolved": "https://registry.npmjs.org/escodegen/-/escodegen-0.0.21.tgz",
            "integrity": "sha1-U9ZSz6EDA4gnlFilJmxf/HCcY8M=",
            "requires": {
                "esprima": "~1.0.2",
                "estraverse": "~0.0.4",
                "source-map": ">= 0.1.2"
            }
        },
        "esprima": {
            "version": "1.0.4",
            "resolved": "https://registry.npmjs.org/esprima/-/esprima-1.0.4.tgz",
            "integrity": "sha1-n1V+CPw7TSbs6d00+Pv0drYlha0="
        },
        "estraverse": {
            "version": "0.0.4",
            "resolved": "https://registry.npmjs.org/estraverse/-/estraverse-0.0.4.tgz",
            "integrity": "sha1-AaCTLf7ldGhKWYr1pnw7+bZCjbI="
        },
        "events": {
            "version": "1.1.1",
            "resolved": "https://registry.npmjs.org/events/-/events-1.1.1.tgz",
            "integrity": "sha1-nr23Y1rQmccNzEwqH1AEKI6L2SQ="
        },
        "fast-safe-stringify": {
            "version": "2.0.7",
            "resolved": "https://registry.npmjs.org/fast-safe-stringify/-/fast-safe-stringify-2.0.7.tgz",
            "integrity": "sha512-Utm6CdzT+6xsDk2m8S6uL8VHxNwI6Jub+e9NYTcAms28T84pTa25GJQV9j0CY0N1rM8hK4x6grpF2BQf+2qwVA=="
        },
        "fecha": {
            "version": "2.3.3",
            "resolved": "https://registry.npmjs.org/fecha/-/fecha-2.3.3.tgz",
            "integrity": "sha512-lUGBnIamTAwk4znq5BcqsDaxSmZ9nDVJaij6NvRt/Tg4R69gERA+otPKbS86ROw9nxVMw2/mp1fnaiWqbs6Sdg=="
        },
        "https-proxy-agent": {
            "version": "3.0.1",
            "resolved": "https://registry.npmjs.org/https-proxy-agent/-/https-proxy-agent-3.0.1.tgz",
            "integrity": "sha512-+ML2Rbh6DAuee7d07tYGEKOEi2voWPUGan+ExdPbPW6Z3svq+JCqr0v8WmKPOkz1vOVykPCBSuobe7G8GJUtVg==",
            "requires": {
                "agent-base": "^4.3.0",
                "debug": "^3.1.0"
            }
        },
        "ieee754": {
            "version": "1.1.13",
            "resolved": "https://registry.npmjs.org/ieee754/-/ieee754-1.1.13.tgz",
            "integrity": "sha512-4vf7I2LYV/HaWerSo3XmlMkp5eZ83i+/CDluXi/IGTs/O1sejBNhTtnxzmRZfvOUqj7lZjqHkeTvpgSFDlWZTg=="
        },
        "inherits": {
            "version": "2.0.4",
            "resolved": "https://registry.npmjs.org/inherits/-/inherits-2.0.4.tgz",
            "integrity": "sha512-k/vGaX4/Yla3WzyMCvTQOXYeIHvqOKtnqBduzTHpzpQZzAskKMhZ2K+EnBiSM9zGSoIFeMpXKxa4dYeZIQqewQ=="
        },
        "is-arrayish": {
            "version": "0.3.2",
            "resolved": "https://registry.npmjs.org/is-arrayish/-/is-arrayish-0.3.2.tgz",
            "integrity": "sha512-eVRqCvVlZbuw3GrM63ovNSNAeA1K16kaR/LRY/92w0zxQ5/1YzwblUX652i4Xs9RwAGjW9d9y6X88t8OaAJfWQ=="
        },
        "is-stream": {
            "version": "1.1.0",
            "resolved": "https://registry.npmjs.org/is-stream/-/is-stream-1.1.0.tgz",
            "integrity": "sha1-EtSj3U5o4Lec6428hBc66A2RykQ="
        },
        "isarray": {
            "version": "1.0.0",
            "resolved": "https://registry.npmjs.org/isarray/-/isarray-1.0.0.tgz",
            "integrity": "sha1-u5NdSFgsuhaMBoNJV6VKPgcSTxE="
        },
        "jison": {
            "version": "0.4.4",
            "resolved": "https://registry.npmjs.org/jison/-/jison-0.4.4.tgz",
            "integrity": "sha1-hrA7Ze/sAHqR9JPs6r5W+QqmtDk=",
            "requires": {
                "JSONSelect": "0.4.0",
                "ebnf-parser": "0.1.x",
                "escodegen": "0.0.21",
                "esprima": "1.0.x",
                "jison-lex": "0.2.x",
                "lex-parser": "0.1.x",
                "nomnom": "1.5.2"
            }
        },
        "jison-lex": {
            "version": "0.2.1",
            "resolved": "https://registry.npmjs.org/jison-lex/-/jison-lex-0.2.1.tgz",
            "integrity": "sha1-rEuBXozOUTLrErXfz+jXB7iETf4=",
            "requires": {
                "lex-parser": "0.1.x",
                "nomnom": "1.5.2"
            }
        },
        "jmespath": {
            "version": "0.15.0",
            "resolved": "https://registry.npmjs.org/jmespath/-/jmespath-0.15.0.tgz",
            "integrity": "sha1-o/Iiqarp+Wb10nx5ZRDigJF2Qhc="
        },
        "kuler": {
            "version": "1.0.1",
            "resolved": "https://registry.npmjs.org/kuler/-/kuler-1.0.1.tgz",
            "integrity": "sha512-J9nVUucG1p/skKul6DU3PUZrhs0LPulNaeUOox0IyXDi8S4CztTHs1gQphhuZmzXG7VOQSf6NJfKuzteQLv9gQ==",
            "requires": {
                "colornames": "^1.1.1"
            }
        },
        "lex": {
            "version": "1.7.4",
            "resolved": "https://registry.npmjs.org/lex/-/lex-1.7.4.tgz",
            "integrity": "sha1-M91muYCjjXemxCTXFz5vQNYCwMU="
        },
        "lex-parser": {
            "version": "0.1.4",
            "resolved": "https://registry.npmjs.org/lex-parser/-/lex-parser-0.1.4.tgz",
            "integrity": "sha1-ZMTwJfF/1Tv7RXY/rrFvAVp0dVA="
        },
        "lodash": {
            "version": "4.17.15",
            "resolved": "https://registry.npmjs.org/lodash/-/lodash-4.17.15.tgz",
            "integrity": "sha512-8xOcRHvCjnocdS5cpwXQXVzmmh5e5+saE2QGoeQmbKmRS6J3VQppPOIt0MnmE+4xlZoumy0GPG0D0MVIQbNA1A=="
        },
        "logform": {
            "version": "2.1.2",
            "resolved": "https://registry.npmjs.org/logform/-/logform-2.1.2.tgz",
            "integrity": "sha512-+lZh4OpERDBLqjiwDLpAWNQu6KMjnlXH2ByZwCuSqVPJletw0kTWJf5CgSNAUKn1KUkv3m2cUz/LK8zyEy7wzQ==",
            "requires": {
                "colors": "^1.2.1",
                "fast-safe-stringify": "^2.0.4",
                "fecha": "^2.3.3",
                "ms": "^2.1.1",
                "triple-beam": "^1.3.0"
            },
            "dependencies": {
                "colors": {
                    "version": "1.4.0",
                    "resolved": "https://registry.npmjs.org/colors/-/colors-1.4.0.tgz",
                    "integrity": "sha512-a+UqTh4kgZg/SlGvfbzDHpgRu7AAQOmmqRHJnxhRZICKFUT91brVhNNt58CMWU9PsBbv3PDCZUHbVxuDiH2mtA=="
                }
            }
        },
        "minimist": {
            "version": "1.2.2",
            "resolved": "https://registry.npmjs.org/minimist/-/minimist-1.2.2.tgz",
            "integrity": "sha512-rIqbOrKb8GJmx/5bc2M0QchhUouMXSpd1RTclXsB41JdL+VtnojfaJR+h7F9k18/4kHUsBFgk80Uk+q569vjPA=="
        },
        "ms": {
            "version": "2.1.2",
            "resolved": "https://registry.npmjs.org/ms/-/ms-2.1.2.tgz",
            "integrity": "sha512-sGkPx+VjMtmA6MX27oA4FBFELFCZZ4S4XqeGOXCv68tT+jb3vk/RyaKWP0PTKyWtmLSM0b+adUTEvbs1PEaH2w=="
        },
        "nomnom": {
            "version": "1.5.2",
            "resolved": "https://registry.npmjs.org/nomnom/-/nomnom-1.5.2.tgz",
            "integrity": "sha1-9DRUSKhTz71cDSYyDyR3qwUm/i8=",
            "requires": {
                "colors": "0.5.x",
                "underscore": "1.1.x"
            }
        },
        "one-time": {
            "version": "0.0.4",
            "resolved": "https://registry.npmjs.org/one-time/-/one-time-0.0.4.tgz",
            "integrity": "sha1-+M33eISCb+Tf+T46nMN7HkSAdC4="
        },
        "packet-reader": {
            "version": "1.0.0",
            "resolved": "https://registry.npmjs.org/packet-reader/-/packet-reader-1.0.0.tgz",
            "integrity": "sha512-HAKu/fG3HpHFO0AA8WE8q2g+gBJaZ9MG7fcKk+IJPLTGAD6Psw4443l+9DGRbOIh3/aXr7Phy0TjilYivJo5XQ=="
        },
        "pg": {
            "version": "7.14.0",
            "resolved": "https://registry.npmjs.org/pg/-/pg-7.14.0.tgz",
            "integrity": "sha512-TLsdOWKFu44vHdejml4Uoo8h0EwCjdIj9Z9kpz7pA5i8iQxOTwVb1+Fy+X86kW5AXKxQpYpYDs4j/qPDbro/lg==",
            "requires": {
                "buffer-writer": "2.0.0",
                "packet-reader": "1.0.0",
                "pg-connection-string": "0.1.3",
                "pg-pool": "^2.0.7",
                "pg-types": "^2.1.0",
                "pgpass": "1.x",
                "semver": "4.3.2"
            }
        },
        "pg-connection-string": {
            "version": "0.1.3",
            "resolved": "https://registry.npmjs.org/pg-connection-string/-/pg-connection-string-0.1.3.tgz",
            "integrity": "sha1-2hhHsglA5C7hSSvq9l1J2RskXfc="
        },
        "pg-int8": {
            "version": "1.0.1",
            "resolved": "https://registry.npmjs.org/pg-int8/-/pg-int8-1.0.1.tgz",
            "integrity": "sha512-WCtabS6t3c8SkpDBUlb1kjOs7l66xsGdKpIPZsg4wR+B3+u9UAum2odSsF9tnvxg80h4ZxLWMy4pRjOsFIqQpw=="
        },
        "pg-ka-fix": {
            "version": "1.0.0-rm-fix",
            "resolved": "https://registry.npmjs.org/pg-ka-fix/-/pg-ka-fix-1.0.0-rm-fix.tgz",
            "integrity": "sha1-eSiIWYQdkWO1pWA8FMg8KIUSu8M="
        },
        "pg-pool": {
            "version": "2.0.7",
            "resolved": "https://registry.npmjs.org/pg-pool/-/pg-pool-2.0.7.tgz",
            "integrity": "sha512-UiJyO5B9zZpu32GSlP0tXy8J2NsJ9EFGFfz5v6PSbdz/1hBLX1rNiiy5+mAm5iJJYwfCv4A0EBcQLGWwjbpzZw=="
        },
        "pg-types": {
            "version": "2.2.0",
            "resolved": "https://registry.npmjs.org/pg-types/-/pg-types-2.2.0.tgz",
            "integrity": "sha512-qTAAlrEsl8s4OiEQY69wDvcMIdQN6wdz5ojQiOy6YRMuynxenON0O5oCpJI6lshc6scgAY8qvJ2On/p+CXY0GA==",
            "requires": {
                "pg-int8": "1.0.1",
                "postgres-array": "~2.0.0",
                "postgres-bytea": "~1.0.0",
                "postgres-date": "~1.0.4",
                "postgres-interval": "^1.1.0"
            }
        },
        "pgpass": {
            "version": "1.0.2",
            "resolved": "https://registry.npmjs.org/pgpass/-/pgpass-1.0.2.tgz",
            "integrity": "sha1-Knu0G2BltnkH6R2hsHwYR8h3swY=",
            "requires": {
                "split": "^1.0.0"
            }
        },
        "postgres-array": {
            "version": "2.0.0",
            "resolved": "https://registry.npmjs.org/postgres-array/-/postgres-array-2.0.0.tgz",
            "integrity": "sha512-VpZrUqU5A69eQyW2c5CA1jtLecCsN2U/bD6VilrFDWq5+5UIEVO7nazS3TEcHf1zuPYO/sqGvUvW62g86RXZuA=="
        },
        "postgres-bytea": {
            "version": "1.0.0",
            "resolved": "https://registry.npmjs.org/postgres-bytea/-/postgres-bytea-1.0.0.tgz",
            "integrity": "sha1-AntTPAqokOJtFy1Hz5zOzFIazTU="
        },
        "postgres-date": {
            "version": "1.0.4",
            "resolved": "https://registry.npmjs.org/postgres-date/-/postgres-date-1.0.4.tgz",
            "integrity": "sha512-bESRvKVuTrjoBluEcpv2346+6kgB7UlnqWZsnbnCccTNq/pqfj1j6oBaN5+b/NrDXepYUT/HKadqv3iS9lJuVA=="
        },
        "postgres-interval": {
            "version": "1.2.0",
            "resolved": "https://registry.npmjs.org/postgres-interval/-/postgres-interval-1.2.0.tgz",
            "integrity": "sha512-9ZhXKM/rw350N1ovuWHbGxnGh/SNJ4cnxHiM0rxE4VN41wsg8P8zWn9hv/buK00RP4WvlOyr/RBDiptyxVbkZQ==",
            "requires": {
                "xtend": "^4.0.0"
            }
        },
        "process-nextick-args": {
            "version": "2.0.1",
            "resolved": "https://registry.npmjs.org/process-nextick-args/-/process-nextick-args-2.0.1.tgz",
            "integrity": "sha512-3ouUOpQhtgrbOa17J7+uxOTpITYWaGP7/AhoR3+A+/1e9skrzelGi/dXzEYyvbxubEF6Wn2ypscTKiKJFFn1ag=="
        },
        "punycode": {
            "version": "1.3.2",
            "resolved": "https://registry.npmjs.org/punycode/-/punycode-1.3.2.tgz",
            "integrity": "sha1-llOgNvt8HuQjQvIyXM7v6jkmxI0="
        },
        "querystring": {
            "version": "0.2.0",
            "resolved": "https://registry.npmjs.org/querystring/-/querystring-0.2.0.tgz",
            "integrity": "sha1-sgmEkgO7Jd+CDadW50cAWHhSFiA="
        },
        "readable-stream": {
            "version": "3.5.0",
            "resolved": "https://registry.npmjs.org/readable-stream/-/readable-stream-3.5.0.tgz",
            "integrity": "sha512-gSz026xs2LfxBPudDuI41V1lka8cxg64E66SGe78zJlsUofOg/yqwezdIcdfwik6B4h8LFmWPA9ef9X3FiNFLA==",
            "requires": {
                "inherits": "^2.0.3",
                "string_decoder": "^1.1.1",
                "util-deprecate": "^1.0.1"
            }
        },
        "regex": {
            "version": "0.1.1",
            "resolved": "https://registry.npmjs.org/regex/-/regex-0.1.1.tgz",
            "integrity": "sha1-BYCZXRhGxTdqdiudNYuDBo0geu8=",
            "requires": {
                "augment": "3.2.1",
                "jison": "0.4.4",
                "lex": "1.7.4",
                "statemachines": "0.1.0"
            }
        },
        "safe-buffer": {
            "version": "5.2.0",
            "resolved": "https://registry.npmjs.org/safe-buffer/-/safe-buffer-5.2.0.tgz",
            "integrity": "sha512-fZEwUGbVl7kouZs1jCdMLdt95hdIv0ZeHg6L7qPeciMZhZ+/gdesW4wgTARkrFWEpspjEATAzUGPG8N2jJiwbg=="
        },
        "sax": {
            "version": "1.2.1",
            "resolved": "https://registry.npmjs.org/sax/-/sax-1.2.1.tgz",
            "integrity": "sha1-e45lYZCyKOgaZq6nSEgNgozS03o="
        },
        "semver": {
            "version": "4.3.2",
            "resolved": "https://registry.npmjs.org/semver/-/semver-4.3.2.tgz",
            "integrity": "sha1-x6BxWKgL7dBSNVt3DYLWZA+AO+c="
        },
        "simple-swizzle": {
            "version": "0.2.2",
            "resolved": "https://registry.npmjs.org/simple-swizzle/-/simple-swizzle-0.2.2.tgz",
            "integrity": "sha1-pNprY1/8zMoz9w0Xy5JZLeleVXo=",
            "requires": {
                "is-arrayish": "^0.3.1"
            }
        },
        "sorted-array": {
            "version": "1.1.0",
            "resolved": "https://registry.npmjs.org/sorted-array/-/sorted-array-1.1.0.tgz",
            "integrity": "sha1-YamDJeQSu5CZm0usGN/tXzVkEC0="
        },
        "source-map": {
            "version": "0.7.3",
            "resolved": "https://registry.npmjs.org/source-map/-/source-map-0.7.3.tgz",
            "integrity": "sha512-CkCj6giN3S+n9qrYiBTX5gystlENnRW5jZeNLHpe6aue+SrHcG5VYwujhW9s4dY31mEGsxBDrHR6oI69fTXsaQ==",
            "optional": true
        },
        "split": {
            "version": "1.0.1",
            "resolved": "https://registry.npmjs.org/split/-/split-1.0.1.tgz",
            "integrity": "sha512-mTyOoPbrivtXnwnIxZRFYRrPNtEFKlpB2fvjSnCQUiAA6qAZzqwna5envK4uk6OIeP17CsdF3rSBGYVBsU0Tkg==",
            "requires": {
                "through": "2"
            }
        },
        "stack-trace": {
            "version": "0.0.10",
            "resolved": "https://registry.npmjs.org/stack-trace/-/stack-trace-0.0.10.tgz",
            "integrity": "sha1-VHxws0fo0ytOEI6hoqFZ5f3eGcA="
        },
        "statemachines": {
            "version": "0.1.0",
            "resolved": "https://registry.npmjs.org/statemachines/-/statemachines-0.1.0.tgz",
            "integrity": "sha1-tUX9PYpVKA8wK4aW8ZwKEcTjOt4=",
            "requires": {
                "augment": "3.2.1",
                "sorted-array": "1.1.0"
            }
        },
        "string_decoder": {
            "version": "1.3.0",
            "resolved": "https://registry.npmjs.org/string_decoder/-/string_decoder-1.3.0.tgz",
            "integrity": "sha512-hkRX8U1WjJFd8LsDJ2yQ/wWWxaopEsABU1XfkM8A+j0+85JAGppt16cr1Whg6KIbb4okU6Mql6BOj+uup/wKeA==",
            "requires": {
                "safe-buffer": "~5.2.0"
            }
        },
        "text-hex": {
            "version": "1.0.0",
            "resolved": "https://registry.npmjs.org/text-hex/-/text-hex-1.0.0.tgz",
            "integrity": "sha512-uuVGNWzgJ4yhRaNSiubPY7OjISw4sw4E5Uv0wbjp+OzcbmVU/rsT8ujgcXJhn9ypzsgr5vlzpPqP+MBBKcGvbg=="
        },
        "through": {
            "version": "2.3.8",
            "resolved": "https://registry.npmjs.org/through/-/through-2.3.8.tgz",
            "integrity": "sha1-DdTJ/6q8NXlgsbckEV1+Doai4fU="
        },
        "triple-beam": {
            "version": "1.3.0",
            "resolved": "https://registry.npmjs.org/triple-beam/-/triple-beam-1.3.0.tgz",
            "integrity": "sha512-XrHUvV5HpdLmIj4uVMxHggLbFSZYIn7HEWsqePZcI50pco+MPqJ50wMGY794X7AOOhxOBAjbkqfAbEe/QMp2Lw=="
        },
        "underscore": {
            "version": "1.1.7",
            "resolved": "http://registry.npmjs.org/underscore/-/underscore-1.1.7.tgz",
            "integrity": "sha1-QLq4S60Z0jAJbo1u9ii/8FXYPbA="
        },
        "url": {
            "version": "0.10.3",
            "resolved": "https://registry.npmjs.org/url/-/url-0.10.3.tgz",
            "integrity": "sha1-Ah5NnHcF8hu/N9A861h2dAJ3TGQ=",
            "requires": {
                "punycode": "1.3.2",
                "querystring": "0.2.0"
            }
        },
        "util-deprecate": {
            "version": "1.0.2",
            "resolved": "https://registry.npmjs.org/util-deprecate/-/util-deprecate-1.0.2.tgz",
            "integrity": "sha1-RQ1Nyfpw3nMnYvvS1KKJgUGaDM8="
        },
        "uuid": {
            "version": "3.3.3",
            "resolved": "https://registry.npmjs.org/uuid/-/uuid-3.3.3.tgz",
            "integrity": "sha512-pW0No1RGHgzlpHJO1nsVrHKpOEIxkGg1xB+v0ZmdNH5OAeAwzAVrCnI2/6Mtx+Uys6iaylxa+D3g4j63IKKjSQ=="
        },
        "winston": {
            "version": "3.2.1",
            "resolved": "https://registry.npmjs.org/winston/-/winston-3.2.1.tgz",
            "integrity": "sha512-zU6vgnS9dAWCEKg/QYigd6cgMVVNwyTzKs81XZtTFuRwJOcDdBg7AU0mXVyNbs7O5RH2zdv+BdNZUlx7mXPuOw==",
            "requires": {
                "async": "^2.6.1",
                "diagnostics": "^1.1.1",
                "is-stream": "^1.1.0",
                "logform": "^2.1.1",
                "one-time": "0.0.4",
                "readable-stream": "^3.1.1",
                "stack-trace": "0.0.x",
                "triple-beam": "^1.3.0",
                "winston-transport": "^4.3.0"
            },
            "dependencies": {
                "async": {
                    "version": "2.6.3",
                    "resolved": "https://registry.npmjs.org/async/-/async-2.6.3.tgz",
                    "integrity": "sha512-zflvls11DCy+dQWzTW2dzuilv8Z5X/pjfmZOWba6TNIVDm+2UDaJmXSOXlasHKfNBs8oo3M0aT50fDEWfKZjXg==",
                    "requires": {
                        "lodash": "^4.17.14"
                    }
                }
            }
        },
        "winston-transport": {
            "version": "4.3.0",
            "resolved": "https://registry.npmjs.org/winston-transport/-/winston-transport-4.3.0.tgz",
            "integrity": "sha512-B2wPuwUi3vhzn/51Uukcao4dIduEiPOcOt9HJ3QeaXgkJ5Z7UwpBzxS4ZGNHtrxrUvTwemsQiSys0ihOf8Mp1A==",
            "requires": {
                "readable-stream": "^2.3.6",
                "triple-beam": "^1.2.0"
            },
            "dependencies": {
                "readable-stream": {
                    "version": "2.3.7",
                    "resolved": "https://registry.npmjs.org/readable-stream/-/readable-stream-2.3.7.tgz",
                    "integrity": "sha512-Ebho8K4jIbHAxnuxi7o42OrZgF/ZTNcsZj6nRKyUmkhLFq8CHItp/fy6hQZuZmP/n3yZ9VBUbp4zz/mX8hmYPw==",
                    "requires": {
                        "core-util-is": "~1.0.0",
                        "inherits": "~2.0.3",
                        "isarray": "~1.0.0",
                        "process-nextick-args": "~2.0.0",
                        "safe-buffer": "~5.1.1",
                        "string_decoder": "~1.1.1",
                        "util-deprecate": "~1.0.1"
                    }
                },
                "safe-buffer": {
                    "version": "5.1.2",
                    "resolved": "https://registry.npmjs.org/safe-buffer/-/safe-buffer-5.1.2.tgz",
                    "integrity": "sha512-Gd2UZBJDkXlY7GbJxfsE8/nvKkUEU1G38c1siN6QP6a9PT9MmHB8GnpscSmMJSoF8LOIrt8ud/wPtojys4G6+g=="
                },
                "string_decoder": {
                    "version": "1.1.1",
                    "resolved": "https://registry.npmjs.org/string_decoder/-/string_decoder-1.1.1.tgz",
                    "integrity": "sha512-n/ShnvDi6FHbbVfviro+WojiFzv+s8MPMHBczVePfUpDJLwoLT0ht1l4YwBCbi8pJAveEEdnkHyPyTP/mzRfwg==",
                    "requires": {
                        "safe-buffer": "~5.1.0"
                    }
                }
            }
        },
        "xml2js": {
            "version": "0.4.19",
            "resolved": "https://registry.npmjs.org/xml2js/-/xml2js-0.4.19.tgz",
            "integrity": "sha512-esZnJZJOiJR9wWKMyuvSE1y6Dq5LCuJanqhxslH2bxM6duahNZ+HMpCLhBQGZkbX6xRf8x1Y2eJlgt2q3qo49Q==",
            "requires": {
                "sax": ">=0.6.0",
                "xmlbuilder": "~9.0.1"
            }
        },
        "xmlbuilder": {
            "version": "9.0.7",
            "resolved": "https://registry.npmjs.org/xmlbuilder/-/xmlbuilder-9.0.7.tgz",
            "integrity": "sha1-Ey7mPS7FVlxVfiD0wi35rKaGsQ0="
        },
        "xtend": {
            "version": "4.0.2",
            "resolved": "https://registry.npmjs.org/xtend/-/xtend-4.0.2.tgz",
            "integrity": "sha512-LKYU1iAXJXUgAXn9URjiu+MWhyUXHsvfp7mcuYm9dSUKK0/CjtrUwFAxD82/mCWbtLsGjFIad0wIsod4zrTAEQ=="
        }
    }
}
