{
    "name": "aws-lambda-redshift-loader",
    "version": "2.7.1",
    "lockfileVersion": 1,
    "requires": true,
    "dependencies": {
        "JSONSelect": {
            "version": "0.4.0",
            "resolved": "https://registry.npmjs.org/JSONSelect/-/JSONSelect-0.4.0.tgz",
            "integrity": "sha1-oI7cxn6z/L6Z7WMIVTRKDPKCu40="
        },
        "aes-js": {
            "version": "0.2.2",
            "resolved": "https://registry.npmjs.org/aes-js/-/aes-js-0.2.2.tgz",
            "integrity": "sha1-5XxbCikyOyw/GOS9tvIMSrbi7Go="
        },
        "agent-base": {
            "version": "4.2.1",
            "resolved": "https://registry.npmjs.org/agent-base/-/agent-base-4.2.1.tgz",
            "integrity": "sha512-JVwXMr9nHYTUXsBFKUqhJwvlcYU/blreOEUkhNR2eXZIvwd+c+o5V4MgDPKWnMS/56awN3TRzIP+KoPn+roQtg==",
            "requires": {
                "es6-promisify": "^5.0.0"
            }
        },
        "async": {
            "version": "2.6.2",
            "resolved": "https://registry.npmjs.org/async/-/async-2.6.2.tgz",
            "integrity": "sha1-GDMOp+bjE4h/XS8qkEusb+TdU4E=",
            "requires": {
                "lodash": "^4.17.11"
            },
            "dependencies": {
                "lodash": {
                    "version": "4.17.11",
                    "resolved": "https://registry.npmjs.org/lodash/-/lodash-4.17.11.tgz",
                    "integrity": "sha1-s56mIp72B+zYniyN8SU2iRysm40="
                }
            }
        },
        "async-listener": {
            "version": "0.6.10",
            "resolved": "https://registry.npmjs.org/async-listener/-/async-listener-0.6.10.tgz",
            "integrity": "sha512-gpuo6xOyF4D5DE5WvyqZdPA3NGhiT6Qf07l7DCB0wwDEsLvDIbCr6j9S5aj5Ch96dLace5tXVzWBZkxU/c5ohw==",
            "requires": {
                "semver": "^5.3.0",
                "shimmer": "^1.1.0"
            },
            "dependencies": {
                "semver": {
                    "version": "5.7.1",
                    "resolved": "https://registry.npmjs.org/semver/-/semver-5.7.1.tgz",
                    "integrity": "sha512-sauaDf/PZdVgrLTNYHRtpXa1iRiKcaebiKQ1BJdpQlWH2lCvexQdX55snPFyK7QzpudqbCI0qXFfOasHdyNDGQ=="
                }
            }
        },
        "atomic-batcher": {
            "version": "1.0.2",
            "resolved": "https://registry.npmjs.org/atomic-batcher/-/atomic-batcher-1.0.2.tgz",
            "integrity": "sha1-0WkB0QzOxZUWwZe5zNiTBom4E7Q="
        },
        "augment": {
            "version": "3.2.1",
            "resolved": "https://registry.npmjs.org/augment/-/augment-3.2.1.tgz",
            "integrity": "sha1-7F2elFYUDvqxEQ/ds1LL5U5/sxw="
        },
        "aws-sdk": {
            "version": "2.467.0",
            "resolved": "https://registry.npmjs.org/aws-sdk/-/aws-sdk-2.467.0.tgz",
            "integrity": "sha512-rbVYwpAkoicdgszVClxSkzmoIQwlsrMy/vBoYZesuhUrLOXMefr/mYtpyqkiupCIG9MsqpnYUJYYNlllq4sRPQ==",
            "requires": {
                "buffer": "4.9.1",
                "events": "1.1.1",
                "ieee754": "1.1.8",
                "jmespath": "0.15.0",
                "querystring": "0.2.0",
                "sax": "1.2.1",
                "url": "0.10.3",
                "uuid": "3.3.2",
                "xml2js": "0.4.19"
            },
            "dependencies": {
                "xml2js": {
                    "version": "0.4.19",
                    "resolved": "https://registry.npmjs.org/xml2js/-/xml2js-0.4.19.tgz",
                    "integrity": "sha512-esZnJZJOiJR9wWKMyuvSE1y6Dq5LCuJanqhxslH2bxM6duahNZ+HMpCLhBQGZkbX6xRf8x1Y2eJlgt2q3qo49Q==",
                    "requires": {
                        "sax": ">=0.6.0",
                        "xmlbuilder": "~9.0.1"
                    }
                },
                "xmlbuilder": {
                    "version": "9.0.7",
                    "resolved": "https://registry.npmjs.org/xmlbuilder/-/xmlbuilder-9.0.7.tgz",
                    "integrity": "sha1-Ey7mPS7FVlxVfiD0wi35rKaGsQ0="
                }
            }
        },
        "aws-xray-sdk": {
            "version": "2.4.0",
            "resolved": "https://registry.npmjs.org/aws-xray-sdk/-/aws-xray-sdk-2.4.0.tgz",
            "integrity": "sha512-h9Us0MDaSQCgW4m7inq3NFwWt+JWmJff4i3DiKvJgHgle7EdeDPwfhTvJ99lXLLgQGtAUwMTiGX0cVqlmXHFXw==",
            "requires": {
                "aws-xray-sdk-core": "^2.4.0",
                "aws-xray-sdk-express": "^2.4.0",
                "aws-xray-sdk-mysql": "^2.4.0",
                "aws-xray-sdk-postgres": "^2.4.0",
                "pkginfo": "^0.4.0"
            }
        },
        "aws-xray-sdk-core": {
            "version": "2.4.0",
            "resolved": "https://registry.npmjs.org/aws-xray-sdk-core/-/aws-xray-sdk-core-2.4.0.tgz",
            "integrity": "sha512-V9UZg4r3tn7njSOdL55e0GWzV2cPDVvvxmo1y/eOkyWs1cDXtCK7LzE9R+iuFCIQ9kCaxcu8usoF88cGLxXixg==",
            "requires": {
                "atomic-batcher": "^1.0.2",
                "aws-sdk": "^2.304.0",
                "continuation-local-storage": "^3.2.0",
                "date-fns": "^1.29.0",
                "pkginfo": "^0.4.0",
                "semver": "^5.3.0",
                "winston": "^2.4.4"
            },
            "dependencies": {
                "semver": {
                    "version": "5.7.1",
                    "resolved": "https://registry.npmjs.org/semver/-/semver-5.7.1.tgz",
                    "integrity": "sha512-sauaDf/PZdVgrLTNYHRtpXa1iRiKcaebiKQ1BJdpQlWH2lCvexQdX55snPFyK7QzpudqbCI0qXFfOasHdyNDGQ=="
                }
            }
        },
        "aws-xray-sdk-express": {
            "version": "2.4.0",
            "resolved": "https://registry.npmjs.org/aws-xray-sdk-express/-/aws-xray-sdk-express-2.4.0.tgz",
            "integrity": "sha512-NPjkRik2KVD8AAnFYcCGeREshDumGpOIAnxNNmn5MWQS99tNZtQrTbdrZXbvaI/eql808SxMQdNo0/yN5jGqEA=="
        },
        "aws-xray-sdk-mysql": {
            "version": "2.4.0",
            "resolved": "https://registry.npmjs.org/aws-xray-sdk-mysql/-/aws-xray-sdk-mysql-2.4.0.tgz",
            "integrity": "sha512-U75s1Uaw/VbNgJhrEGubBEegydlOckl0XHcOOmqpkZiV1BkT2H6kPX0s/o6XeVjdKpQiK/MYmt86Wu/SHErElQ=="
        },
        "aws-xray-sdk-postgres": {
            "version": "2.4.0",
            "resolved": "https://registry.npmjs.org/aws-xray-sdk-postgres/-/aws-xray-sdk-postgres-2.4.0.tgz",
            "integrity": "sha512-oKC1bWQR9iHiRoVWtu2f//VnVoIWCxcVqGzXjT4AVjI/gjN74vLAwEppCX2fl5LpfpKTXfIR7H6v5XfDa3EGnA=="
        },
        "base64-js": {
            "version": "1.3.1",
            "resolved": "https://registry.npmjs.org/base64-js/-/base64-js-1.3.1.tgz",
            "integrity": "sha512-mLQ4i2QO1ytvGWFWmcngKO//JXAQueZvwEKtjgQFM4jIK0kU+ytMfplL8j+n5mspOfjHwoAg+9yhb7BwAHm36g=="
        },
        "buffer": {
            "version": "4.9.1",
            "resolved": "https://registry.npmjs.org/buffer/-/buffer-4.9.1.tgz",
            "integrity": "sha1-bRu2AbB6TvztlwlBMgkwJ8lbwpg=",
            "requires": {
                "base64-js": "^1.0.2",
                "ieee754": "^1.1.4",
                "isarray": "^1.0.0"
            }
        },
        "buffer-writer": {
            "version": "2.0.0",
            "resolved": "https://registry.npmjs.org/buffer-writer/-/buffer-writer-2.0.0.tgz",
            "integrity": "sha512-a7ZpuTZU1TRtnwyCNW3I5dc0wWNC3VR9S++Ewyk2HHZdrO3CQJqSpd+95Us590V6AL7JqUAH2IwZ/398PmNFgw=="
        },
        "colors": {
            "version": "0.5.1",
            "resolved": "http://registry.npmjs.org/colors/-/colors-0.5.1.tgz",
            "integrity": "sha1-fQAj6usVTo7p/Oddy5I9DtFmd3Q="
        },
        "continuation-local-storage": {
            "version": "3.2.1",
            "resolved": "https://registry.npmjs.org/continuation-local-storage/-/continuation-local-storage-3.2.1.tgz",
            "integrity": "sha512-jx44cconVqkCEEyLSKWwkvUXwO561jXMa3LPjTPsm5QR22PA0/mhe33FT4Xb5y74JDvt/Cq+5lm8S8rskLv9ZA==",
            "requires": {
                "async-listener": "^0.6.0",
                "emitter-listener": "^1.1.1"
            }
        },
        "credstash": {
            "version": "1.0.44",
            "resolved": "https://registry.npmjs.org/credstash/-/credstash-1.0.44.tgz",
            "integrity": "sha1-flh8ZL5F2p6y5iYofjXzZ7dgEFI=",
            "requires": {
                "aes-js": "0.2.2",
                "async": "1.5.2",
                "aws-sdk": "2.2.35",
                "xtend": "4.0.1"
            },
            "dependencies": {
                "async": {
                    "version": "1.5.2",
                    "resolved": "https://registry.npmjs.org/async/-/async-1.5.2.tgz",
                    "integrity": "sha1-7GphrlZIDAw8skHJVhjiCJL5Zyo="
                },
                "aws-sdk": {
                    "version": "2.2.35",
                    "resolved": "https://registry.npmjs.org/aws-sdk/-/aws-sdk-2.2.35.tgz",
                    "integrity": "sha1-WISw/p5FCz0fnrskB2dlTtAhsfM=",
                    "requires": {
                        "sax": "1.1.5",
                        "xml2js": "0.4.16",
                        "xmlbuilder": "4.2.1"
                    }
                },
                "sax": {
                    "version": "1.1.5",
                    "resolved": "https://registry.npmjs.org/sax/-/sax-1.1.5.tgz",
                    "integrity": "sha1-HaUKjQDN7NWUBWWfX/hTSf53N0M="
                }
            }
        },
        "cycle": {
            "version": "1.0.3",
            "resolved": "https://registry.npmjs.org/cycle/-/cycle-1.0.3.tgz",
            "integrity": "sha1-IegLK+hYD5i0aPN5QwZisEbDStI="
        },
        "date-fns": {
            "version": "1.30.1",
            "resolved": "https://registry.npmjs.org/date-fns/-/date-fns-1.30.1.tgz",
            "integrity": "sha512-hBSVCvSmWC+QypYObzwGOd9wqdDpOt+0wl0KbU+R+uuZBS1jN8VsD1ss3irQDknRj5NvxiTF6oj/nDRnN/UQNw=="
        },
        "debug": {
            "version": "3.1.0",
            "resolved": "https://registry.npmjs.org/debug/-/debug-3.1.0.tgz",
            "integrity": "sha512-OX8XqP7/1a9cqkxYw2yXss15f26NKWBpDXQd0/uK/KPqdQhxbPa994hnzjcE2VqQpDslf55723cKPUOGSmMY3g==",
            "requires": {
                "ms": "2.0.0"
            }
        },
        "ebnf-parser": {
            "version": "0.1.10",
            "resolved": "https://registry.npmjs.org/ebnf-parser/-/ebnf-parser-0.1.10.tgz",
            "integrity": "sha1-zR9rpHfFY4xAyX7ZtXLbW6tdgzE="
        },
        "emitter-listener": {
            "version": "1.1.2",
            "resolved": "https://registry.npmjs.org/emitter-listener/-/emitter-listener-1.1.2.tgz",
            "integrity": "sha512-Bt1sBAGFHY9DKY+4/2cV6izcKJUf5T7/gkdmkxzX/qv9CcGH8xSwVRW5mtX03SWJtRTWSOpzCuWN9rBFYZepZQ==",
            "requires": {
                "shimmer": "^1.2.0"
            }
        },
        "es6-promise": {
            "version": "4.2.4",
            "resolved": "https://registry.npmjs.org/es6-promise/-/es6-promise-4.2.4.tgz",
            "integrity": "sha512-/NdNZVJg+uZgtm9eS3O6lrOLYmQag2DjdEXuPaHlZ6RuVqgqaVZfgYCepEIKsLqwdQArOPtC3XzRLqGGfT8KQQ=="
        },
        "es6-promisify": {
            "version": "5.0.0",
            "resolved": "https://registry.npmjs.org/es6-promisify/-/es6-promisify-5.0.0.tgz",
            "integrity": "sha1-UQnWLz5W6pZ8S2NQWu8IKRyKUgM=",
            "requires": {
                "es6-promise": "^4.0.3"
            }
        },
        "escodegen": {
            "version": "0.0.21",
            "resolved": "https://registry.npmjs.org/escodegen/-/escodegen-0.0.21.tgz",
            "integrity": "sha1-U9ZSz6EDA4gnlFilJmxf/HCcY8M=",
            "requires": {
                "esprima": "~1.0.2",
                "estraverse": "~0.0.4",
                "source-map": ">= 0.1.2"
            }
        },
        "esprima": {
            "version": "1.0.4",
            "resolved": "https://registry.npmjs.org/esprima/-/esprima-1.0.4.tgz",
            "integrity": "sha1-n1V+CPw7TSbs6d00+Pv0drYlha0="
        },
        "estraverse": {
            "version": "0.0.4",
            "resolved": "https://registry.npmjs.org/estraverse/-/estraverse-0.0.4.tgz",
            "integrity": "sha1-AaCTLf7ldGhKWYr1pnw7+bZCjbI="
        },
        "events": {
            "version": "1.1.1",
            "resolved": "https://registry.npmjs.org/events/-/events-1.1.1.tgz",
            "integrity": "sha1-nr23Y1rQmccNzEwqH1AEKI6L2SQ="
        },
        "eyes": {
            "version": "0.1.8",
            "resolved": "https://registry.npmjs.org/eyes/-/eyes-0.1.8.tgz",
            "integrity": "sha1-Ys8SAjTGg3hdkCNIqADvPgzCC8A="
        },
        "https-proxy-agent": {
            "version": "2.2.1",
            "resolved": "https://registry.npmjs.org/https-proxy-agent/-/https-proxy-agent-2.2.1.tgz",
            "integrity": "sha1-UVUpcPoE1yPgTFbQQXjD+SWSu8A=",
            "requires": {
                "agent-base": "^4.1.0",
                "debug": "^3.1.0"
            }
        },
        "ieee754": {
            "version": "1.1.8",
            "resolved": "https://registry.npmjs.org/ieee754/-/ieee754-1.1.8.tgz",
            "integrity": "sha1-vjPUCsEO8ZJnAfbwii2G+/0a0+Q="
        },
        "isarray": {
            "version": "1.0.0",
            "resolved": "https://registry.npmjs.org/isarray/-/isarray-1.0.0.tgz",
            "integrity": "sha1-u5NdSFgsuhaMBoNJV6VKPgcSTxE="
        },
        "isstream": {
            "version": "0.1.2",
            "resolved": "https://registry.npmjs.org/isstream/-/isstream-0.1.2.tgz",
            "integrity": "sha1-R+Y/evVa+m+S4VAOaQ64uFKcCZo="
        },
        "jison": {
            "version": "0.4.4",
            "resolved": "https://registry.npmjs.org/jison/-/jison-0.4.4.tgz",
            "integrity": "sha1-hrA7Ze/sAHqR9JPs6r5W+QqmtDk=",
            "requires": {
                "JSONSelect": "0.4.0",
                "ebnf-parser": "0.1.x",
                "escodegen": "0.0.21",
                "esprima": "1.0.x",
                "jison-lex": "0.2.x",
                "lex-parser": "0.1.x",
                "nomnom": "1.5.2"
            }
        },
        "jison-lex": {
            "version": "0.2.1",
            "resolved": "https://registry.npmjs.org/jison-lex/-/jison-lex-0.2.1.tgz",
            "integrity": "sha1-rEuBXozOUTLrErXfz+jXB7iETf4=",
            "requires": {
                "lex-parser": "0.1.x",
                "nomnom": "1.5.2"
            }
        },
        "jmespath": {
            "version": "0.15.0",
            "resolved": "https://registry.npmjs.org/jmespath/-/jmespath-0.15.0.tgz",
            "integrity": "sha1-o/Iiqarp+Wb10nx5ZRDigJF2Qhc="
        },
        "lex": {
            "version": "1.7.4",
            "resolved": "https://registry.npmjs.org/lex/-/lex-1.7.4.tgz",
            "integrity": "sha1-M91muYCjjXemxCTXFz5vQNYCwMU="
        },
        "lex-parser": {
            "version": "0.1.4",
            "resolved": "https://registry.npmjs.org/lex-parser/-/lex-parser-0.1.4.tgz",
            "integrity": "sha1-ZMTwJfF/1Tv7RXY/rrFvAVp0dVA="
        },
        "lodash": {
            "version": "4.17.15",
            "resolved": "https://registry.npmjs.org/lodash/-/lodash-4.17.15.tgz",
            "integrity": "sha512-8xOcRHvCjnocdS5cpwXQXVzmmh5e5+saE2QGoeQmbKmRS6J3VQppPOIt0MnmE+4xlZoumy0GPG0D0MVIQbNA1A=="
        },
        "minimist": {
            "version": "1.2.0",
            "resolved": "https://registry.npmjs.org/minimist/-/minimist-1.2.0.tgz",
            "integrity": "sha1-o1AIsg9BOD7sH7kU9M1d95omQoQ="
        },
        "ms": {
            "version": "2.0.0",
            "resolved": "https://registry.npmjs.org/ms/-/ms-2.0.0.tgz",
            "integrity": "sha1-VgiurfwAvmwpAd9fmGF4jeDVl8g="
        },
        "nomnom": {
            "version": "1.5.2",
            "resolved": "https://registry.npmjs.org/nomnom/-/nomnom-1.5.2.tgz",
            "integrity": "sha1-9DRUSKhTz71cDSYyDyR3qwUm/i8=",
            "requires": {
                "colors": "0.5.x",
                "underscore": "1.1.x"
            }
        },
        "packet-reader": {
            "version": "1.0.0",
            "resolved": "https://registry.npmjs.org/packet-reader/-/packet-reader-1.0.0.tgz",
            "integrity": "sha512-HAKu/fG3HpHFO0AA8WE8q2g+gBJaZ9MG7fcKk+IJPLTGAD6Psw4443l+9DGRbOIh3/aXr7Phy0TjilYivJo5XQ=="
        },
        "pg": {
            "version": "7.11.0",
            "resolved": "https://registry.npmjs.org/pg/-/pg-7.11.0.tgz",
            "integrity": "sha512-YO4V7vCmEMGoF390LJaFaohWNKaA2ayoQOEZmiHVcAUF+YsRThpf/TaKCgSvsSE7cDm37Q/Cy3Gz41xiX/XjTw==",
            "requires": {
                "buffer-writer": "2.0.0",
                "packet-reader": "1.0.0",
                "pg-connection-string": "0.1.3",
                "pg-pool": "^2.0.4",
                "pg-types": "~2.0.0",
                "pgpass": "1.x",
                "semver": "4.3.2"
            }
        },
        "pg-connection-string": {
            "version": "0.1.3",
            "resolved": "https://registry.npmjs.org/pg-connection-string/-/pg-connection-string-0.1.3.tgz",
            "integrity": "sha1-2hhHsglA5C7hSSvq9l1J2RskXfc="
        },
        "pg-int8": {
            "version": "1.0.1",
            "resolved": "https://registry.npmjs.org/pg-int8/-/pg-int8-1.0.1.tgz",
            "integrity": "sha512-WCtabS6t3c8SkpDBUlb1kjOs7l66xsGdKpIPZsg4wR+B3+u9UAum2odSsF9tnvxg80h4ZxLWMy4pRjOsFIqQpw=="
        },
        "pg-ka-fix": {
            "version": "1.0.0-rm-fix",
            "resolved": "https://registry.npmjs.org/pg-ka-fix/-/pg-ka-fix-1.0.0-rm-fix.tgz",
            "integrity": "sha1-eSiIWYQdkWO1pWA8FMg8KIUSu8M="
        },
        "pg-pool": {
            "version": "2.0.7",
            "resolved": "https://registry.npmjs.org/pg-pool/-/pg-pool-2.0.7.tgz",
            "integrity": "sha512-UiJyO5B9zZpu32GSlP0tXy8J2NsJ9EFGFfz5v6PSbdz/1hBLX1rNiiy5+mAm5iJJYwfCv4A0EBcQLGWwjbpzZw=="
        },
        "pg-types": {
            "version": "2.0.1",
            "resolved": "https://registry.npmjs.org/pg-types/-/pg-types-2.0.1.tgz",
            "integrity": "sha512-b7y6QM1VF5nOeX9ukMQ0h8a9z89mojrBHXfJeSug4mhL0YpxNBm83ot2TROyoAmX/ZOX3UbwVO4EbH7i1ZZNiw==",
            "requires": {
                "pg-int8": "1.0.1",
                "postgres-array": "~2.0.0",
                "postgres-bytea": "~1.0.0",
                "postgres-date": "~1.0.4",
                "postgres-interval": "^1.1.0"
            }
        },
        "pgpass": {
            "version": "1.0.2",
            "resolved": "https://registry.npmjs.org/pgpass/-/pgpass-1.0.2.tgz",
            "integrity": "sha1-Knu0G2BltnkH6R2hsHwYR8h3swY=",
            "requires": {
                "split": "^1.0.0"
            }
        },
        "pkginfo": {
            "version": "0.4.1",
            "resolved": "https://registry.npmjs.org/pkginfo/-/pkginfo-0.4.1.tgz",
            "integrity": "sha1-tUGO8EOd5UJfxJlQQtztFPsqhP8="
        },
        "postgres-array": {
            "version": "2.0.0",
            "resolved": "https://registry.npmjs.org/postgres-array/-/postgres-array-2.0.0.tgz",
            "integrity": "sha512-VpZrUqU5A69eQyW2c5CA1jtLecCsN2U/bD6VilrFDWq5+5UIEVO7nazS3TEcHf1zuPYO/sqGvUvW62g86RXZuA=="
        },
        "postgres-bytea": {
            "version": "1.0.0",
            "resolved": "https://registry.npmjs.org/postgres-bytea/-/postgres-bytea-1.0.0.tgz",
            "integrity": "sha1-AntTPAqokOJtFy1Hz5zOzFIazTU="
        },
        "postgres-date": {
            "version": "1.0.4",
            "resolved": "https://registry.npmjs.org/postgres-date/-/postgres-date-1.0.4.tgz",
            "integrity": "sha512-bESRvKVuTrjoBluEcpv2346+6kgB7UlnqWZsnbnCccTNq/pqfj1j6oBaN5+b/NrDXepYUT/HKadqv3iS9lJuVA=="
        },
        "postgres-interval": {
            "version": "1.2.0",
            "resolved": "https://registry.npmjs.org/postgres-interval/-/postgres-interval-1.2.0.tgz",
            "integrity": "sha512-9ZhXKM/rw350N1ovuWHbGxnGh/SNJ4cnxHiM0rxE4VN41wsg8P8zWn9hv/buK00RP4WvlOyr/RBDiptyxVbkZQ==",
            "requires": {
                "xtend": "^4.0.0"
            }
        },
        "punycode": {
            "version": "1.3.2",
            "resolved": "https://registry.npmjs.org/punycode/-/punycode-1.3.2.tgz",
            "integrity": "sha1-llOgNvt8HuQjQvIyXM7v6jkmxI0="
        },
        "querystring": {
            "version": "0.2.0",
            "resolved": "https://registry.npmjs.org/querystring/-/querystring-0.2.0.tgz",
            "integrity": "sha1-sgmEkgO7Jd+CDadW50cAWHhSFiA="
        },
        "regex": {
            "version": "0.1.1",
            "resolved": "https://registry.npmjs.org/regex/-/regex-0.1.1.tgz",
            "integrity": "sha1-BYCZXRhGxTdqdiudNYuDBo0geu8=",
            "requires": {
                "augment": "3.2.1",
                "jison": "0.4.4",
                "lex": "1.7.4",
                "statemachines": "0.1.0"
            }
        },
        "sax": {
            "version": "1.2.1",
            "resolved": "https://registry.npmjs.org/sax/-/sax-1.2.1.tgz",
            "integrity": "sha1-e45lYZCyKOgaZq6nSEgNgozS03o="
        },
        "semver": {
            "version": "4.3.2",
            "resolved": "https://registry.npmjs.org/semver/-/semver-4.3.2.tgz",
            "integrity": "sha1-x6BxWKgL7dBSNVt3DYLWZA+AO+c="
        },
        "serverless-plugin-tracing": {
            "version": "2.0.0",
            "resolved": "https://registry.npmjs.org/serverless-plugin-tracing/-/serverless-plugin-tracing-2.0.0.tgz",
            "integrity": "sha1-32uLMWasm7cKN8f8h1AUsjaRWPY=",
            "dev": true
        },
        "shimmer": {
            "version": "1.2.1",
            "resolved": "https://registry.npmjs.org/shimmer/-/shimmer-1.2.1.tgz",
            "integrity": "sha512-sQTKC1Re/rM6XyFM6fIAGHRPVGvyXfgzIDvzoq608vM+jeyVD0Tu1E6Np0Kc2zAIFWIj963V2800iF/9LPieQw=="
        },
        "sorted-array": {
            "version": "1.1.0",
            "resolved": "https://registry.npmjs.org/sorted-array/-/sorted-array-1.1.0.tgz",
            "integrity": "sha1-YamDJeQSu5CZm0usGN/tXzVkEC0="
        },
        "source-map": {
            "version": "0.7.3",
            "resolved": "https://registry.npmjs.org/source-map/-/source-map-0.7.3.tgz",
            "integrity": "sha512-CkCj6giN3S+n9qrYiBTX5gystlENnRW5jZeNLHpe6aue+SrHcG5VYwujhW9s4dY31mEGsxBDrHR6oI69fTXsaQ==",
            "optional": true
        },
        "split": {
            "version": "1.0.1",
            "resolved": "https://registry.npmjs.org/split/-/split-1.0.1.tgz",
            "integrity": "sha512-mTyOoPbrivtXnwnIxZRFYRrPNtEFKlpB2fvjSnCQUiAA6qAZzqwna5envK4uk6OIeP17CsdF3rSBGYVBsU0Tkg==",
            "requires": {
                "through": "2"
            }
        },
        "stack-trace": {
            "version": "0.0.10",
            "resolved": "https://registry.npmjs.org/stack-trace/-/stack-trace-0.0.10.tgz",
            "integrity": "sha1-VHxws0fo0ytOEI6hoqFZ5f3eGcA="
        },
        "statemachines": {
            "version": "0.1.0",
            "resolved": "https://registry.npmjs.org/statemachines/-/statemachines-0.1.0.tgz",
            "integrity": "sha1-tUX9PYpVKA8wK4aW8ZwKEcTjOt4=",
            "requires": {
                "augment": "3.2.1",
                "sorted-array": "1.1.0"
            }
        },
        "through": {
            "version": "2.3.8",
            "resolved": "https://registry.npmjs.org/through/-/through-2.3.8.tgz",
            "integrity": "sha1-DdTJ/6q8NXlgsbckEV1+Doai4fU="
        },
        "underscore": {
            "version": "1.1.7",
            "resolved": "http://registry.npmjs.org/underscore/-/underscore-1.1.7.tgz",
            "integrity": "sha1-QLq4S60Z0jAJbo1u9ii/8FXYPbA="
        },
        "url": {
            "version": "0.10.3",
            "resolved": "https://registry.npmjs.org/url/-/url-0.10.3.tgz",
            "integrity": "sha1-Ah5NnHcF8hu/N9A861h2dAJ3TGQ=",
            "requires": {
                "punycode": "1.3.2",
                "querystring": "0.2.0"
            }
        },
        "uuid": {
            "version": "3.3.2",
            "resolved": "https://registry.npmjs.org/uuid/-/uuid-3.3.2.tgz",
            "integrity": "sha1-G0r0lV6zB3xQHCOHL8ZROBFYcTE="
        },
        "winston": {
            "version": "2.4.4",
            "resolved": "https://registry.npmjs.org/winston/-/winston-2.4.4.tgz",
            "integrity": "sha512-NBo2Pepn4hK4V01UfcWcDlmiVTs7VTB1h7bgnB0rgP146bYhMxX0ypCz3lBOfNxCO4Zuek7yeT+y/zM1OfMw4Q==",
            "requires": {
                "async": "~1.0.0",
                "colors": "1.0.x",
                "cycle": "1.0.x",
                "eyes": "0.1.x",
                "isstream": "0.1.x",
                "stack-trace": "0.0.x"
            },
            "dependencies": {
                "async": {
                    "version": "1.0.0",
                    "resolved": "https://registry.npmjs.org/async/-/async-1.0.0.tgz",
                    "integrity": "sha1-+PwEyjoTeErenhZBr5hXjPvWR6k="
                },
                "colors": {
                    "version": "1.0.3",
                    "resolved": "https://registry.npmjs.org/colors/-/colors-1.0.3.tgz",
                    "integrity": "sha1-BDP0TYCWgP3rYO0mDxsMJi6CpAs="
                }
            }
        },
        "xml2js": {
            "version": "0.4.16",
            "resolved": "https://registry.npmjs.org/xml2js/-/xml2js-0.4.16.tgz",
            "integrity": "sha1-+C/M0vlUDX4Km12sFj50cRlcnbM=",
            "requires": {
                "sax": ">=0.6.0",
                "xmlbuilder": "^4.1.0"
            }
        },
        "xmlbuilder": {
            "version": "4.2.1",
            "resolved": "https://registry.npmjs.org/xmlbuilder/-/xmlbuilder-4.2.1.tgz",
            "integrity": "sha1-qlijBBoGb5DqoWwvU4n/GfP0YaU=",
            "requires": {
                "lodash": "^4.0.0"
            }
        },
        "xtend": {
            "version": "4.0.1",
            "resolved": "https://registry.npmjs.org/xtend/-/xtend-4.0.1.tgz",
            "integrity": "sha1-pcbVMr5lbiPbgg77lDofBJmNY68="
        }
    }
}
